Microsoft Visual Studio Solution File, Format Version 12.00
# Visual Studio Version 16
VisualStudioVersion = 16.0.30709.64
MinimumVisualStudioVersion = 10.0.40219.1
Project("{9A19103F-16F7-4668-BE54-9A1E7A4F7556}") = "System.Drawing.Common", "System.Drawing.Common\System.Drawing.Common.csproj", "{C675FE3F-497D-4CE7-B441-3C0299B30C10}"
EndProject
Project("{9A19103F-16F7-4668-BE54-9A1E7A4F7556}") = "FormsTest", "FormsTest\FormsTest.csproj", "{DBFDDBD7-E236-444C-98E5-736A4F22C8A5}"
EndProject
Project("{9A19103F-16F7-4668-BE54-9A1E7A4F7556}") = "MacApi", "MacApi\MacApi.csproj", "{C8C5042D-89DB-412A-8030-2E1001EECAB8}"
EndProject
Project("{9A19103F-16F7-4668-BE54-9A1E7A4F7556}") = "System.Windows.Forms", "System.Windows.Forms\System.Windows.Forms.csproj", "{9F564D46-D86A-4E62-9E84-238C7352D4D6}"
EndProject
Project("{9A19103F-16F7-4668-BE54-9A1E7A4F7556}") = "Mono.WebBrowser", "Mono.WebBrowser\Mono.WebBrowser.csproj", "{2C4EE1D4-460F-4BC9-B8B6-FE4541D8AE5C}"
EndProject
Project("{9A19103F-16F7-4668-BE54-9A1E7A4F7556}") = "System.Windows.Forms.Primitives", "System.Windows.Forms.Primitives\System.Windows.Forms.Primitives.csproj", "{36EA0B04-8885-4F04-8746-0CA41F9DD4A3}"
EndProject
Project("{9A19103F-16F7-4668-BE54-9A1E7A4F7556}") = "System.Drawing.Primitives", "System.Drawing.Primitives\System.Drawing.Primitives.csproj", "{D4AC73E3-CA52-4A81-9616-3CE2E36A382A}"
EndProject
Project("{9A19103F-16F7-4668-BE54-9A1E7A4F7556}") = "System.Private.CoreLib", "System.Private.CoreLib\System.Private.CoreLib.csproj", "{72FA10FB-CAF5-43C8-918C-1FBDB10B5DA8}"
EndProject
Global
	GlobalSection(SolutionConfigurationPlatforms) = preSolution
		Debug|Any CPU = Debug|Any CPU
		Release|Any CPU = Release|Any CPU
	EndGlobalSection
	GlobalSection(ProjectConfigurationPlatforms) = postSolution
		{C675FE3F-497D-4CE7-B441-3C0299B30C10}.Debug|Any CPU.ActiveCfg = Debug|Any CPU
		{C675FE3F-497D-4CE7-B441-3C0299B30C10}.Debug|Any CPU.Build.0 = Debug|Any CPU
		{C675FE3F-497D-4CE7-B441-3C0299B30C10}.Release|Any CPU.ActiveCfg = Release|Any CPU
		{C675FE3F-497D-4CE7-B441-3C0299B30C10}.Release|Any CPU.Build.0 = Release|Any CPU
		{DBFDDBD7-E236-444C-98E5-736A4F22C8A5}.Debug|Any CPU.ActiveCfg = Debug|Any CPU
		{DBFDDBD7-E236-444C-98E5-736A4F22C8A5}.Debug|Any CPU.Build.0 = Debug|Any CPU
		{DBFDDBD7-E236-444C-98E5-736A4F22C8A5}.Release|Any CPU.ActiveCfg = Release|Any CPU
		{DBFDDBD7-E236-444C-98E5-736A4F22C8A5}.Release|Any CPU.Build.0 = Release|Any CPU
		{C8C5042D-89DB-412A-8030-2E1001EECAB8}.Debug|Any CPU.ActiveCfg = Debug|Any CPU
		{C8C5042D-89DB-412A-8030-2E1001EECAB8}.Debug|Any CPU.Build.0 = Debug|Any CPU
		{C8C5042D-89DB-412A-8030-2E1001EECAB8}.Release|Any CPU.ActiveCfg = Release|Any CPU
		{C8C5042D-89DB-412A-8030-2E1001EECAB8}.Release|Any CPU.Build.0 = Release|Any CPU
		{9F564D46-D86A-4E62-9E84-238C7352D4D6}.Debug|Any CPU.ActiveCfg = Debug|Any CPU
		{9F564D46-D86A-4E62-9E84-238C7352D4D6}.Debug|Any CPU.Build.0 = Debug|Any CPU
		{9F564D46-D86A-4E62-9E84-238C7352D4D6}.Release|Any CPU.ActiveCfg = Release|Any CPU
		{9F564D46-D86A-4E62-9E84-238C7352D4D6}.Release|Any CPU.Build.0 = Release|Any CPU
		{2C4EE1D4-460F-4BC9-B8B6-FE4541D8AE5C}.Debug|Any CPU.ActiveCfg = Debug|Any CPU
		{2C4EE1D4-460F-4BC9-B8B6-FE4541D8AE5C}.Debug|Any CPU.Build.0 = Debug|Any CPU
		{2C4EE1D4-460F-4BC9-B8B6-FE4541D8AE5C}.Release|Any CPU.ActiveCfg = Release|Any CPU
		{2C4EE1D4-460F-4BC9-B8B6-FE4541D8AE5C}.Release|Any CPU.Build.0 = Release|Any CPU
		{36EA0B04-8885-4F04-8746-0CA41F9DD4A3}.Debug|Any CPU.ActiveCfg = Debug|Any CPU
		{36EA0B04-8885-4F04-8746-0CA41F9DD4A3}.Debug|Any CPU.Build.0 = Debug|Any CPU
		{36EA0B04-8885-4F04-8746-0CA41F9DD4A3}.Release|Any CPU.ActiveCfg = Release|Any CPU
		{36EA0B04-8885-4F04-8746-0CA41F9DD4A3}.Release|Any CPU.Build.0 = Release|Any CPU
		{D4AC73E3-CA52-4A81-9616-3CE2E36A382A}.Debug|Any CPU.ActiveCfg = Debug|Any CPU
		{D4AC73E3-CA52-4A81-9616-3CE2E36A382A}.Debug|Any CPU.Build.0 = Debug|Any CPU
		{D4AC73E3-CA52-4A81-9616-3CE2E36A382A}.Release|Any CPU.ActiveCfg = Release|Any CPU
		{D4AC73E3-CA52-4A81-9616-3CE2E36A382A}.Release|Any CPU.Build.0 = Release|Any CPU
		{72FA10FB-CAF5-43C8-918C-1FBDB10B5DA8}.Debug|Any CPU.ActiveCfg = Debug|Any CPU
		{72FA10FB-CAF5-43C8-918C-1FBDB10B5DA8}.Debug|Any CPU.Build.0 = Debug|Any CPU
		{72FA10FB-CAF5-43C8-918C-1FBDB10B5DA8}.Release|Any CPU.ActiveCfg = Release|Any CPU
		{72FA10FB-CAF5-43C8-918C-1FBDB10B5DA8}.Release|Any CPU.Build.0 = Release|Any CPU
	EndGlobalSection
	GlobalSection(SolutionProperties) = preSolution
		HideSolutionNode = FALSE
	EndGlobalSection
	GlobalSection(ExtensibilityGlobals) = postSolution
		SolutionGuid = {D22C2303-B499-445E-908A-48D4D1B7AEC4}
	EndGlobalSection
EndGlobal
