
Microsoft Visual Studio Solution File, Format Version 12.00
# Visual Studio 2012
Project("{FAE04EC0-301F-11D3-BF4B-00C04F79EFBC}") = "System.Drawing.Common", "System.Drawing.Common\System.Drawing.Common.csproj", "{C675FE3F-497D-4CE7-B441-3C0299B30C10}"
EndProject
Project("{FAE04EC0-301F-11D3-BF4B-00C04F79EFBC}") = "FormsTest", "FormsTest\FormsTest.csproj", "{DBFDDBD7-E236-444C-98E5-736A4F22C8A5}"
EndProject
Project("{FAE04EC0-301F-11D3-BF4B-00C04F79EFBC}") = "FormsTest.app", "FormsTestApp\FormsTest.app.csproj", "{7777BF55-B639-4078-BDD4-A1B541B89274}"
EndProject
Project("{FAE04EC0-301F-11D3-BF4B-00C04F79EFBC}") = "MacApi", "MacApi\MacApi.csproj", "{C8C5042D-89DB-412A-8030-2E1001EECAB8}"
EndProject
Project("{FAE04EC0-301F-11D3-BF4B-00C04F79EFBC}") = "System.Windows.Forms", "System.Windows.Forms\System.Windows.Forms.csproj", "{9F564D46-D86A-4E62-9E84-238C7352D4D6}"
EndProject
Project("{FAE04EC0-301F-11D3-BF4B-00C04F79EFBC}") = "Mono.WebBrowser", "Mono.WebBrowser\Mono.WebBrowser.csproj", "{2C4EE1D4-460F-4BC9-B8B6-FE4541D8AE5C}"
EndProject
Global
	GlobalSection(SolutionConfigurationPlatforms) = preSolution
		Release|Any CPU = Release|Any CPU
		Debug|Any CPU = Debug|Any CPU
	EndGlobalSection
	GlobalSection(ProjectConfigurationPlatforms) = postSolution
		{C675FE3F-497D-4CE7-B441-3C0299B30C10}.Release|Any CPU.ActiveCfg = Release|Any CPU
		{C675FE3F-497D-4CE7-B441-3C0299B30C10}.Release|Any CPU.Build.0 = Release|Any CPU
		{C675FE3F-497D-4CE7-B441-3C0299B30C10}.Debug|Any CPU.ActiveCfg = Debug|Any CPU
		{C675FE3F-497D-4CE7-B441-3C0299B30C10}.Debug|Any CPU.Build.0 = Debug|Any CPU
		{DBFDDBD7-E236-444C-98E5-736A4F22C8A5}.Release|Any CPU.ActiveCfg = Release|Any CPU
		{DBFDDBD7-E236-444C-98E5-736A4F22C8A5}.Release|Any CPU.Build.0 = Release|Any CPU
		{DBFDDBD7-E236-444C-98E5-736A4F22C8A5}.Debug|Any CPU.ActiveCfg = Debug|Any CPU
		{DBFDDBD7-E236-444C-98E5-736A4F22C8A5}.Debug|Any CPU.Build.0 = Debug|Any CPU
		{7777BF55-B639-4078-BDD4-A1B541B89274}.Release|Any CPU.ActiveCfg = Release|Any CPU
		{7777BF55-B639-4078-BDD4-A1B541B89274}.Release|Any CPU.Build.0 = Release|Any CPU
		{7777BF55-B639-4078-BDD4-A1B541B89274}.Debug|Any CPU.ActiveCfg = Debug|Any CPU
		{7777BF55-B639-4078-BDD4-A1B541B89274}.Debug|Any CPU.Build.0 = Debug|Any CPU
		{C8C5042D-89DB-412A-8030-2E1001EECAB8}.Release|Any CPU.ActiveCfg = Release|Any CPU
		{C8C5042D-89DB-412A-8030-2E1001EECAB8}.Release|Any CPU.Build.0 = Release|Any CPU
		{C8C5042D-89DB-412A-8030-2E1001EECAB8}.Debug|Any CPU.ActiveCfg = Debug|Any CPU
		{C8C5042D-89DB-412A-8030-2E1001EECAB8}.Debug|Any CPU.Build.0 = Debug|Any CPU
		{9F564D46-D86A-4E62-9E84-238C7352D4D6}.Release|Any CPU.ActiveCfg = Release|Any CPU
		{9F564D46-D86A-4E62-9E84-238C7352D4D6}.Release|Any CPU.Build.0 = Release|Any CPU
		{9F564D46-D86A-4E62-9E84-238C7352D4D6}.Debug|Any CPU.ActiveCfg = Debug|Any CPU
		{9F564D46-D86A-4E62-9E84-238C7352D4D6}.Debug|Any CPU.Build.0 = Debug|Any CPU
		{2C4EE1D4-460F-4BC9-B8B6-FE4541D8AE5C}.Release|Any CPU.ActiveCfg = Release|Any CPU
		{2C4EE1D4-460F-4BC9-B8B6-FE4541D8AE5C}.Release|Any CPU.Build.0 = Release|Any CPU
		{2C4EE1D4-460F-4BC9-B8B6-FE4541D8AE5C}.Debug|Any CPU.ActiveCfg = Debug|Any CPU
		{2C4EE1D4-460F-4BC9-B8B6-FE4541D8AE5C}.Debug|Any CPU.Build.0 = Debug|Any CPU
	EndGlobalSection
EndGlobal
