Microsoft Visual Studio Solution File, Format Version 12.00
# Visual Studio 14
VisualStudioVersion = 14.0.25420.1
MinimumVisualStudioVersion = 10.0.40219.1
Project("{FAE04EC0-301F-11D3-BF4B-00C04F79EFBC}") = "FormsTest", "FormsTest\FormsTest.csproj", "{DBFDDBD7-E236-444C-98E5-736A4F22C8A5}"
EndProject
Project("{FAE04EC0-301F-11D3-BF4B-00C04F79EFBC}") = "System.Drawing", "mono\mcs\class\System.Drawing\System.Drawing.csproj", "{CB1CB976-AA54-4553-B0E7-05665B199EC4}"
EndProject
Project("{FAE04EC0-301F-11D3-BF4B-00C04F79EFBC}") = "System.Windows.Forms-net_4_5", "mono\mcs\class\System.Windows.Forms\System.Windows.Forms-net_4_5.csproj", "{B102F27C-1A07-487F-BA5B-D5155D201112}"
EndProject
Project("{FAE04EC0-301F-11D3-BF4B-00C04F79EFBC}") = "MacBridge", "MacBridge\MacBridge.csproj", "{00D3BAED-F1D5-4AE5-A479-A7E55BB08530}"
EndProject
Project("{FAE04EC0-301F-11D3-BF4B-00C04F79EFBC}") = "MacBridge.Test", "MacBridge.Test\MacBridge.Test.csproj", "{8652B30E-2AB4-4D41-8795-31B68DB84B74}"
EndProject
Project("{FAE04EC0-301F-11D3-BF4B-00C04F79EFBC}") = "MailClient.Collections", "..\..\MailClient.Collections\MailClient.Collections.csproj", "{C69A5715-2180-4C49-8AD0-150697A81790}"
EndProject
Project("{FAE04EC0-301F-11D3-BF4B-00C04F79EFBC}") = "ConsoleTest", "ConsoleTest\ConsoleTest.csproj", "{597BC926-1CF3-4EC0-85C5-C55CC11D4BC8}"
EndProject
Project("{FAE04EC0-301F-11D3-BF4B-00C04F79EFBC}") = "XibLessApp", "XibLessApp\XibLessApp.csproj", "{B4C57B5E-4BA4-4133-8558-A81B2D2DD084}"
EndProject
Project("{FAE04EC0-301F-11D3-BF4B-00C04F79EFBC}") = "System.Drawing (CoreGraphics)", "sysdrawing-coregraphics\System.Drawing (CoreGraphics).csproj", "{C675FE3F-497D-4CE7-B441-3C0299B30C10}"
EndProject
Project("{FAE04EC0-301F-11D3-BF4B-00C04F79EFBC}") = "Mono.WebBrowser-net_4_5", "mono\mcs\class\Mono.WebBrowser\Mono.WebBrowser-net_4_5.csproj", "{1D660912-8164-4499-A2D7-A3B2FE742E17}"
EndProject
Project("{FAE04EC0-301F-11D3-BF4B-00C04F79EFBC}") = "MailClient.Common.UI", "..\..\MailClient.Common.UI\MailClient.Common.UI.csproj", "{A0DA62D2-7D4D-43BA-BCA3-1DD3354C746C}"
EndProject
Project("{FAE04EC0-301F-11D3-BF4B-00C04F79EFBC}") = "CefGlue.Mac", "..\..\CefGlue.Mac\CefGlue.Mac.csproj", "{B9A17DD1-1EA3-4B41-A3A2-47B23A107FD7}"
EndProject
Project("{FAE04EC0-301F-11D3-BF4B-00C04F79EFBC}") = "CefGlue.WindowsForms", "..\..\CefGlue.WindowsForms\CefGlue.WindowsForms.csproj", "{679AF14D-8FF5-4608-BFF8-EC1A7DED04A4}"
EndProject
Project("{FAE04EC0-301F-11D3-BF4B-00C04F79EFBC}") = "MailClient.Streams", "..\..\MailClient.Streams\MailClient.Streams.csproj", "{148D8A8D-5675-4333-9523-B6EB14BA4FFE}"
EndProject
Project("{FAE04EC0-301F-11D3-BF4B-00C04F79EFBC}") = "SgmlReader", "..\..\SgmlReader\SgmlReader.csproj", "{B25921E6-096D-477E-B7BC-780B38F9016B}"
EndProject
Project("{FAE04EC0-301F-11D3-BF4B-00C04F79EFBC}") = "CefGlue", "..\..\CefGlue\CefGlue.csproj", "{703FF300-34B9-48D4-A5D6-E741F48D5F95}"
EndProject
Global
	GlobalSection(SolutionConfigurationPlatforms) = preSolution
		Debug|Any CPU = Debug|Any CPU
		Mono - Debug|Any CPU = Mono - Debug|Any CPU
		Release|Any CPU = Release|Any CPU
		Xamarin - Debug|Any CPU = Xamarin - Debug|Any CPU
	EndGlobalSection
	GlobalSection(ProjectConfigurationPlatforms) = postSolution
		{DBFDDBD7-E236-444C-98E5-736A4F22C8A5}.Debug|Any CPU.ActiveCfg = Debug|Any CPU
		{DBFDDBD7-E236-444C-98E5-736A4F22C8A5}.Debug|Any CPU.Build.0 = Debug|Any CPU
		{DBFDDBD7-E236-444C-98E5-736A4F22C8A5}.Mono - Debug|Any CPU.ActiveCfg = Mono - Debug|Any CPU
		{DBFDDBD7-E236-444C-98E5-736A4F22C8A5}.Mono - Debug|Any CPU.Build.0 = Mono - Debug|Any CPU
		{DBFDDBD7-E236-444C-98E5-736A4F22C8A5}.Release|Any CPU.ActiveCfg = Release|Any CPU
		{DBFDDBD7-E236-444C-98E5-736A4F22C8A5}.Release|Any CPU.Build.0 = Release|Any CPU
		{DBFDDBD7-E236-444C-98E5-736A4F22C8A5}.Xamarin - Debug|Any CPU.ActiveCfg = Xamarin - Debug|Any CPU
		{DBFDDBD7-E236-444C-98E5-736A4F22C8A5}.Xamarin - Debug|Any CPU.Build.0 = Xamarin - Debug|Any CPU
		{CB1CB976-AA54-4553-B0E7-05665B199EC4}.Debug|Any CPU.ActiveCfg = Debug|Any CPU
		{CB1CB976-AA54-4553-B0E7-05665B199EC4}.Mono - Debug|Any CPU.ActiveCfg = Debug|Any CPU
		{CB1CB976-AA54-4553-B0E7-05665B199EC4}.Release|Any CPU.ActiveCfg = Release|Any CPU
		{CB1CB976-AA54-4553-B0E7-05665B199EC4}.Xamarin - Debug|Any CPU.ActiveCfg = Debug|Any CPU
		{B102F27C-1A07-487F-BA5B-D5155D201112}.Debug|Any CPU.ActiveCfg = Debug|Any CPU
		{B102F27C-1A07-487F-BA5B-D5155D201112}.Mono - Debug|Any CPU.ActiveCfg = Mono - Debug|Any CPU
		{B102F27C-1A07-487F-BA5B-D5155D201112}.Mono - Debug|Any CPU.Build.0 = Mono - Debug|Any CPU
		{B102F27C-1A07-487F-BA5B-D5155D201112}.Release|Any CPU.ActiveCfg = Release|Any CPU
		{B102F27C-1A07-487F-BA5B-D5155D201112}.Xamarin - Debug|Any CPU.ActiveCfg = Xamarin - Debug|Any CPU
		{B102F27C-1A07-487F-BA5B-D5155D201112}.Xamarin - Debug|Any CPU.Build.0 = Xamarin - Debug|Any CPU
		{00D3BAED-F1D5-4AE5-A479-A7E55BB08530}.Debug|Any CPU.ActiveCfg = Debug|Any CPU
		{00D3BAED-F1D5-4AE5-A479-A7E55BB08530}.Mono - Debug|Any CPU.ActiveCfg = Mono - Debug|Any CPU
		{00D3BAED-F1D5-4AE5-A479-A7E55BB08530}.Mono - Debug|Any CPU.Build.0 = Mono - Debug|Any CPU
		{00D3BAED-F1D5-4AE5-A479-A7E55BB08530}.Release|Any CPU.ActiveCfg = Release|Any CPU
		{00D3BAED-F1D5-4AE5-A479-A7E55BB08530}.Release|Any CPU.Build.0 = Release|Any CPU
		{00D3BAED-F1D5-4AE5-A479-A7E55BB08530}.Xamarin - Debug|Any CPU.ActiveCfg = Xamarin - Debug|Any CPU
		{00D3BAED-F1D5-4AE5-A479-A7E55BB08530}.Xamarin - Debug|Any CPU.Build.0 = Xamarin - Debug|Any CPU
		{8652B30E-2AB4-4D41-8795-31B68DB84B74}.Debug|Any CPU.ActiveCfg = Debug|Any CPU
		{8652B30E-2AB4-4D41-8795-31B68DB84B74}.Mono - Debug|Any CPU.ActiveCfg = Mono - Debug|Any CPU
		{8652B30E-2AB4-4D41-8795-31B68DB84B74}.Mono - Debug|Any CPU.Build.0 = Mono - Debug|Any CPU
		{8652B30E-2AB4-4D41-8795-31B68DB84B74}.Release|Any CPU.ActiveCfg = Release|Any CPU
		{8652B30E-2AB4-4D41-8795-31B68DB84B74}.Release|Any CPU.Build.0 = Release|Any CPU
		{8652B30E-2AB4-4D41-8795-31B68DB84B74}.Xamarin - Debug|Any CPU.ActiveCfg = Debug|Any CPU
		{C69A5715-2180-4C49-8AD0-150697A81790}.Debug|Any CPU.ActiveCfg = Debug|Any CPU
		{C69A5715-2180-4C49-8AD0-150697A81790}.Debug|Any CPU.Build.0 = Debug|Any CPU
		{C69A5715-2180-4C49-8AD0-150697A81790}.Mono - Debug|Any CPU.ActiveCfg = Mono - Debug|Any CPU
		{C69A5715-2180-4C49-8AD0-150697A81790}.Mono - Debug|Any CPU.Build.0 = Mono - Debug|Any CPU
		{C69A5715-2180-4C49-8AD0-150697A81790}.Release|Any CPU.ActiveCfg = Release|Any CPU
		{C69A5715-2180-4C49-8AD0-150697A81790}.Release|Any CPU.Build.0 = Release|Any CPU
		{C69A5715-2180-4C49-8AD0-150697A81790}.Xamarin - Debug|Any CPU.ActiveCfg = Xamarin - Debug|Any CPU
		{C69A5715-2180-4C49-8AD0-150697A81790}.Xamarin - Debug|Any CPU.Build.0 = Xamarin - Debug|Any CPU
		{597BC926-1CF3-4EC0-85C5-C55CC11D4BC8}.Debug|Any CPU.ActiveCfg = Debug|Any CPU
		{597BC926-1CF3-4EC0-85C5-C55CC11D4BC8}.Debug|Any CPU.Build.0 = Debug|Any CPU
		{597BC926-1CF3-4EC0-85C5-C55CC11D4BC8}.Mono - Debug|Any CPU.ActiveCfg = Mono - Debug|Any CPU
		{597BC926-1CF3-4EC0-85C5-C55CC11D4BC8}.Mono - Debug|Any CPU.Build.0 = Mono - Debug|Any CPU
		{597BC926-1CF3-4EC0-85C5-C55CC11D4BC8}.Release|Any CPU.ActiveCfg = Release|Any CPU
		{597BC926-1CF3-4EC0-85C5-C55CC11D4BC8}.Release|Any CPU.Build.0 = Release|Any CPU
		{597BC926-1CF3-4EC0-85C5-C55CC11D4BC8}.Xamarin - Debug|Any CPU.ActiveCfg = Debug|Any CPU
		{B4C57B5E-4BA4-4133-8558-A81B2D2DD084}.Debug|Any CPU.ActiveCfg = Debug|Any CPU
		{B4C57B5E-4BA4-4133-8558-A81B2D2DD084}.Debug|Any CPU.Build.0 = Debug|Any CPU
		{B4C57B5E-4BA4-4133-8558-A81B2D2DD084}.Mono - Debug|Any CPU.ActiveCfg = Mono - Debug|Any CPU
		{B4C57B5E-4BA4-4133-8558-A81B2D2DD084}.Mono - Debug|Any CPU.Build.0 = Mono - Debug|Any CPU
		{B4C57B5E-4BA4-4133-8558-A81B2D2DD084}.Release|Any CPU.ActiveCfg = Release|Any CPU
		{B4C57B5E-4BA4-4133-8558-A81B2D2DD084}.Release|Any CPU.Build.0 = Release|Any CPU
		{B4C57B5E-4BA4-4133-8558-A81B2D2DD084}.Xamarin - Debug|Any CPU.ActiveCfg = Debug|Any CPU
		{C675FE3F-497D-4CE7-B441-3C0299B30C10}.Debug|Any CPU.ActiveCfg = Xamarin - Debug|Any CPU
		{C675FE3F-497D-4CE7-B441-3C0299B30C10}.Mono - Debug|Any CPU.ActiveCfg = Mono - Debug|Any CPU
		{C675FE3F-497D-4CE7-B441-3C0299B30C10}.Mono - Debug|Any CPU.Build.0 = Mono - Debug|Any CPU
		{C675FE3F-497D-4CE7-B441-3C0299B30C10}.Release|Any CPU.ActiveCfg = Xamarin - Debug|Any CPU
		{C675FE3F-497D-4CE7-B441-3C0299B30C10}.Xamarin - Debug|Any CPU.ActiveCfg = Xamarin - Debug|Any CPU
		{C675FE3F-497D-4CE7-B441-3C0299B30C10}.Xamarin - Debug|Any CPU.Build.0 = Xamarin - Debug|Any CPU
		{1D660912-8164-4499-A2D7-A3B2FE742E17}.Debug|Any CPU.ActiveCfg = Debug|Any CPU
		{1D660912-8164-4499-A2D7-A3B2FE742E17}.Debug|Any CPU.Build.0 = Debug|Any CPU
		{1D660912-8164-4499-A2D7-A3B2FE742E17}.Mono - Debug|Any CPU.ActiveCfg = Mono - Debug|Any CPU
		{1D660912-8164-4499-A2D7-A3B2FE742E17}.Mono - Debug|Any CPU.Build.0 = Mono - Debug|Any CPU
		{1D660912-8164-4499-A2D7-A3B2FE742E17}.Release|Any CPU.ActiveCfg = Release|Any CPU
		{1D660912-8164-4499-A2D7-A3B2FE742E17}.Release|Any CPU.Build.0 = Release|Any CPU
		{1D660912-8164-4499-A2D7-A3B2FE742E17}.Xamarin - Debug|Any CPU.ActiveCfg = Xamarin - Debug|Any CPU
		{1D660912-8164-4499-A2D7-A3B2FE742E17}.Xamarin - Debug|Any CPU.Build.0 = Xamarin - Debug|Any CPU
		{A0DA62D2-7D4D-43BA-BCA3-1DD3354C746C}.Debug|Any CPU.ActiveCfg = Debug|Any CPU
		{A0DA62D2-7D4D-43BA-BCA3-1DD3354C746C}.Debug|Any CPU.Build.0 = Debug|Any CPU
		{A0DA62D2-7D4D-43BA-BCA3-1DD3354C746C}.Mono - Debug|Any CPU.ActiveCfg = Mono - Debug|Any CPU
		{A0DA62D2-7D4D-43BA-BCA3-1DD3354C746C}.Mono - Debug|Any CPU.Build.0 = Mono - Debug|Any CPU
		{A0DA62D2-7D4D-43BA-BCA3-1DD3354C746C}.Release|Any CPU.ActiveCfg = Release|Any CPU
		{A0DA62D2-7D4D-43BA-BCA3-1DD3354C746C}.Release|Any CPU.Build.0 = Release|Any CPU
		{A0DA62D2-7D4D-43BA-BCA3-1DD3354C746C}.Xamarin - Debug|Any CPU.ActiveCfg = Xamarin - Debug|Any CPU
		{A0DA62D2-7D4D-43BA-BCA3-1DD3354C746C}.Xamarin - Debug|Any CPU.Build.0 = Xamarin - Debug|Any CPU
		{B9A17DD1-1EA3-4B41-A3A2-47B23A107FD7}.Debug|Any CPU.ActiveCfg = Debug|Any CPU
		{B9A17DD1-1EA3-4B41-A3A2-47B23A107FD7}.Debug|Any CPU.Build.0 = Debug|Any CPU
		{B9A17DD1-1EA3-4B41-A3A2-47B23A107FD7}.Mono - Debug|Any CPU.ActiveCfg = Mono - Debug|Any CPU
		{B9A17DD1-1EA3-4B41-A3A2-47B23A107FD7}.Mono - Debug|Any CPU.Build.0 = Mono - Debug|Any CPU
		{B9A17DD1-1EA3-4B41-A3A2-47B23A107FD7}.Release|Any CPU.ActiveCfg = Release|Any CPU
		{B9A17DD1-1EA3-4B41-A3A2-47B23A107FD7}.Release|Any CPU.Build.0 = Release|Any CPU
		{B9A17DD1-1EA3-4B41-A3A2-47B23A107FD7}.Xamarin - Debug|Any CPU.ActiveCfg = Xamarin - Debug|Any CPU
		{B9A17DD1-1EA3-4B41-A3A2-47B23A107FD7}.Xamarin - Debug|Any CPU.Build.0 = Xamarin - Debug|Any CPU
		{679AF14D-8FF5-4608-BFF8-EC1A7DED04A4}.Debug|Any CPU.ActiveCfg = Debug|Any CPU
		{679AF14D-8FF5-4608-BFF8-EC1A7DED04A4}.Debug|Any CPU.Build.0 = Debug|Any CPU
		{679AF14D-8FF5-4608-BFF8-EC1A7DED04A4}.Mono - Debug|Any CPU.ActiveCfg = Mono - Debug|Any CPU
		{679AF14D-8FF5-4608-BFF8-EC1A7DED04A4}.Mono - Debug|Any CPU.Build.0 = Mono - Debug|Any CPU
		{679AF14D-8FF5-4608-BFF8-EC1A7DED04A4}.Release|Any CPU.ActiveCfg = Release|Any CPU
		{679AF14D-8FF5-4608-BFF8-EC1A7DED04A4}.Release|Any CPU.Build.0 = Release|Any CPU
		{679AF14D-8FF5-4608-BFF8-EC1A7DED04A4}.Xamarin - Debug|Any CPU.ActiveCfg = Xamarin - Debug|Any CPU
		{679AF14D-8FF5-4608-BFF8-EC1A7DED04A4}.Xamarin - Debug|Any CPU.Build.0 = Xamarin - Debug|Any CPU
		{148D8A8D-5675-4333-9523-B6EB14BA4FFE}.Debug|Any CPU.ActiveCfg = Debug|Any CPU
		{148D8A8D-5675-4333-9523-B6EB14BA4FFE}.Debug|Any CPU.Build.0 = Debug|Any CPU
		{148D8A8D-5675-4333-9523-B6EB14BA4FFE}.Mono - Debug|Any CPU.ActiveCfg = Mono - Debug|Any CPU
		{148D8A8D-5675-4333-9523-B6EB14BA4FFE}.Mono - Debug|Any CPU.Build.0 = Mono - Debug|Any CPU
		{148D8A8D-5675-4333-9523-B6EB14BA4FFE}.Release|Any CPU.ActiveCfg = Release|Any CPU
		{148D8A8D-5675-4333-9523-B6EB14BA4FFE}.Release|Any CPU.Build.0 = Release|Any CPU
		{148D8A8D-5675-4333-9523-B6EB14BA4FFE}.Xamarin - Debug|Any CPU.ActiveCfg = Xamarin - Debug|Any CPU
		{148D8A8D-5675-4333-9523-B6EB14BA4FFE}.Xamarin - Debug|Any CPU.Build.0 = Xamarin - Debug|Any CPU
		{B25921E6-096D-477E-B7BC-780B38F9016B}.Debug|Any CPU.ActiveCfg = Debug|Any CPU
		{B25921E6-096D-477E-B7BC-780B38F9016B}.Debug|Any CPU.Build.0 = Debug|Any CPU
		{B25921E6-096D-477E-B7BC-780B38F9016B}.Mono - Debug|Any CPU.ActiveCfg = Mono - Debug|Any CPU
		{B25921E6-096D-477E-B7BC-780B38F9016B}.Mono - Debug|Any CPU.Build.0 = Mono - Debug|Any CPU
		{B25921E6-096D-477E-B7BC-780B38F9016B}.Release|Any CPU.ActiveCfg = Release|Any CPU
		{B25921E6-096D-477E-B7BC-780B38F9016B}.Release|Any CPU.Build.0 = Release|Any CPU
		{B25921E6-096D-477E-B7BC-780B38F9016B}.Xamarin - Debug|Any CPU.ActiveCfg = Xamarin - Debug|Any CPU
		{B25921E6-096D-477E-B7BC-780B38F9016B}.Xamarin - Debug|Any CPU.Build.0 = Xamarin - Debug|Any CPU
		{703FF300-34B9-48D4-A5D6-E741F48D5F95}.Debug|Any CPU.ActiveCfg = Debug|Any CPU
		{703FF300-34B9-48D4-A5D6-E741F48D5F95}.Debug|Any CPU.Build.0 = Debug|Any CPU
		{703FF300-34B9-48D4-A5D6-E741F48D5F95}.Mono - Debug|Any CPU.ActiveCfg = Debug|Any CPU
		{703FF300-34B9-48D4-A5D6-E741F48D5F95}.Mono - Debug|Any CPU.Build.0 = Debug|Any CPU
		{703FF300-34B9-48D4-A5D6-E741F48D5F95}.Release|Any CPU.ActiveCfg = Release|Any CPU
		{703FF300-34B9-48D4-A5D6-E741F48D5F95}.Release|Any CPU.Build.0 = Release|Any CPU
		{703FF300-34B9-48D4-A5D6-E741F48D5F95}.Xamarin - Debug|Any CPU.ActiveCfg = Debug|Any CPU
		{703FF300-34B9-48D4-A5D6-E741F48D5F95}.Xamarin - Debug|Any CPU.Build.0 = Debug|Any CPU
	EndGlobalSection
	GlobalSection(SolutionProperties) = preSolution
		HideSolutionNode = FALSE
	EndGlobalSection
EndGlobal
