
Microsoft Visual Studio Solution File, Format Version 12.00
# Visual Studio 2012
VisualStudioVersion = 12.0.40418.0
MinimumVisualStudioVersion = 10.0.40219.1
Project("{FAE04EC0-301F-11D3-BF4B-00C04F79EFBC}") = "FormsTest", "FormsTest\FormsTest.csproj", "{DBFDDBD7-E236-444C-98E5-736A4F22C8A5}"
EndProject
Project("{FAE04EC0-301F-11D3-BF4B-00C04F79EFBC}") = "System.Drawing", "mono\mcs\class\System.Drawing\System.Drawing.csproj", "{CB1CB976-AA54-4553-B0E7-05665B199EC4}"
EndProject
Project("{FAE04EC0-301F-11D3-BF4B-00C04F79EFBC}") = "System.Windows.Forms-net_4_5", "mono\mcs\class\System.Windows.Forms\System.Windows.Forms-net_4_5.csproj", "{B102F27C-1A07-487F-BA5B-D5155D201112}"
EndProject
Project("{FAE04EC0-301F-11D3-BF4B-00C04F79EFBC}") = "MacBridge", "MacBridge\MacBridge.csproj", "{00D3BAED-F1D5-4AE5-A479-A7E55BB08530}"
EndProject
Project("{FAE04EC0-301F-11D3-BF4B-00C04F79EFBC}") = "MacBridge.Test", "MacBridge.Test\MacBridge.Test.csproj", "{8652B30E-2AB4-4D41-8795-31B68DB84B74}"
EndProject
Project("{FAE04EC0-301F-11D3-BF4B-00C04F79EFBC}") = "MailClient.Collections", "..\..\MailClient.Collections\MailClient.Collections.csproj", "{C69A5715-2180-4C49-8AD0-150697A81790}"
EndProject
Project("{FAE04EC0-301F-11D3-BF4B-00C04F79EFBC}") = "ConsoleTest", "ConsoleTest\ConsoleTest.csproj", "{597BC926-1CF3-4EC0-85C5-C55CC11D4BC8}"
EndProject
Project("{FAE04EC0-301F-11D3-BF4B-00C04F79EFBC}") = "XibLessApp", "XibLessApp\XibLessApp.csproj", "{B4C57B5E-4BA4-4133-8558-A81B2D2DD084}"
EndProject
Project("{FAE04EC0-301F-11D3-BF4B-00C04F79EFBC}") = "System.Drawing (CoreGraphics)", "sysdrawing-coregraphics\System.Drawing (CoreGraphics).csproj", "{C675FE3F-497D-4CE7-B441-3C0299B30C10}"
EndProject
Global
	GlobalSection(SolutionConfigurationPlatforms) = preSolution
		Debug|Any CPU = Debug|Any CPU
		Debug|iPhone = Debug|iPhone
		Debug|iPhoneSimulator = Debug|iPhoneSimulator
		Debug|x86 = Debug|x86
		Mono - Debug|Any CPU = Mono - Debug|Any CPU
		Mono - Debug|iPhone = Mono - Debug|iPhone
		Mono - Debug|iPhoneSimulator = Mono - Debug|iPhoneSimulator
		Mono - Debug|x86 = Mono - Debug|x86
		Release|Any CPU = Release|Any CPU
		Release|iPhone = Release|iPhone
		Release|iPhoneSimulator = Release|iPhoneSimulator
		Release|x86 = Release|x86
	EndGlobalSection
	GlobalSection(ProjectConfigurationPlatforms) = postSolution
		{00D3BAED-F1D5-4AE5-A479-A7E55BB08530}.Debug|Any CPU.ActiveCfg = Debug|Any CPU
		{00D3BAED-F1D5-4AE5-A479-A7E55BB08530}.Debug|iPhone.ActiveCfg = Debug|Any CPU
		{00D3BAED-F1D5-4AE5-A479-A7E55BB08530}.Debug|iPhone.Build.0 = Debug|Any CPU
		{00D3BAED-F1D5-4AE5-A479-A7E55BB08530}.Debug|iPhoneSimulator.ActiveCfg = Debug|Any CPU
		{00D3BAED-F1D5-4AE5-A479-A7E55BB08530}.Debug|iPhoneSimulator.Build.0 = Debug|Any CPU
		{00D3BAED-F1D5-4AE5-A479-A7E55BB08530}.Debug|x86.ActiveCfg = Debug|Any CPU
		{00D3BAED-F1D5-4AE5-A479-A7E55BB08530}.Debug|x86.Build.0 = Debug|Any CPU
		{00D3BAED-F1D5-4AE5-A479-A7E55BB08530}.Mono - Debug|Any CPU.ActiveCfg = Debug|Any CPU
		{00D3BAED-F1D5-4AE5-A479-A7E55BB08530}.Mono - Debug|Any CPU.Build.0 = Debug|Any CPU
		{00D3BAED-F1D5-4AE5-A479-A7E55BB08530}.Mono - Debug|iPhone.ActiveCfg = Debug|Any CPU
		{00D3BAED-F1D5-4AE5-A479-A7E55BB08530}.Mono - Debug|iPhone.Build.0 = Debug|Any CPU
		{00D3BAED-F1D5-4AE5-A479-A7E55BB08530}.Mono - Debug|iPhoneSimulator.ActiveCfg = Debug|Any CPU
		{00D3BAED-F1D5-4AE5-A479-A7E55BB08530}.Mono - Debug|iPhoneSimulator.Build.0 = Debug|Any CPU
		{00D3BAED-F1D5-4AE5-A479-A7E55BB08530}.Mono - Debug|x86.ActiveCfg = Debug|Any CPU
		{00D3BAED-F1D5-4AE5-A479-A7E55BB08530}.Mono - Debug|x86.Build.0 = Debug|Any CPU
		{00D3BAED-F1D5-4AE5-A479-A7E55BB08530}.Release|Any CPU.ActiveCfg = Release|Any CPU
		{00D3BAED-F1D5-4AE5-A479-A7E55BB08530}.Release|Any CPU.Build.0 = Release|Any CPU
		{00D3BAED-F1D5-4AE5-A479-A7E55BB08530}.Release|iPhone.ActiveCfg = Release|Any CPU
		{00D3BAED-F1D5-4AE5-A479-A7E55BB08530}.Release|iPhone.Build.0 = Release|Any CPU
		{00D3BAED-F1D5-4AE5-A479-A7E55BB08530}.Release|iPhoneSimulator.ActiveCfg = Release|Any CPU
		{00D3BAED-F1D5-4AE5-A479-A7E55BB08530}.Release|iPhoneSimulator.Build.0 = Release|Any CPU
		{00D3BAED-F1D5-4AE5-A479-A7E55BB08530}.Release|x86.ActiveCfg = Release|Any CPU
		{00D3BAED-F1D5-4AE5-A479-A7E55BB08530}.Release|x86.Build.0 = Release|Any CPU
		{597BC926-1CF3-4EC0-85C5-C55CC11D4BC8}.Debug|Any CPU.ActiveCfg = Debug|Any CPU
		{597BC926-1CF3-4EC0-85C5-C55CC11D4BC8}.Debug|Any CPU.Build.0 = Debug|Any CPU
		{597BC926-1CF3-4EC0-85C5-C55CC11D4BC8}.Debug|iPhone.ActiveCfg = Debug|Any CPU
		{597BC926-1CF3-4EC0-85C5-C55CC11D4BC8}.Debug|iPhone.Build.0 = Debug|Any CPU
		{597BC926-1CF3-4EC0-85C5-C55CC11D4BC8}.Debug|iPhoneSimulator.ActiveCfg = Debug|Any CPU
		{597BC926-1CF3-4EC0-85C5-C55CC11D4BC8}.Debug|iPhoneSimulator.Build.0 = Debug|Any CPU
		{597BC926-1CF3-4EC0-85C5-C55CC11D4BC8}.Debug|x86.ActiveCfg = Debug|Any CPU
		{597BC926-1CF3-4EC0-85C5-C55CC11D4BC8}.Debug|x86.Build.0 = Debug|Any CPU
		{597BC926-1CF3-4EC0-85C5-C55CC11D4BC8}.Mono - Debug|Any CPU.ActiveCfg = Debug|Any CPU
		{597BC926-1CF3-4EC0-85C5-C55CC11D4BC8}.Mono - Debug|Any CPU.Build.0 = Debug|Any CPU
		{597BC926-1CF3-4EC0-85C5-C55CC11D4BC8}.Mono - Debug|iPhone.ActiveCfg = Debug|Any CPU
		{597BC926-1CF3-4EC0-85C5-C55CC11D4BC8}.Mono - Debug|iPhone.Build.0 = Debug|Any CPU
		{597BC926-1CF3-4EC0-85C5-C55CC11D4BC8}.Mono - Debug|iPhoneSimulator.ActiveCfg = Debug|Any CPU
		{597BC926-1CF3-4EC0-85C5-C55CC11D4BC8}.Mono - Debug|iPhoneSimulator.Build.0 = Debug|Any CPU
		{597BC926-1CF3-4EC0-85C5-C55CC11D4BC8}.Mono - Debug|x86.ActiveCfg = Debug|Any CPU
		{597BC926-1CF3-4EC0-85C5-C55CC11D4BC8}.Mono - Debug|x86.Build.0 = Debug|Any CPU
		{597BC926-1CF3-4EC0-85C5-C55CC11D4BC8}.Release|Any CPU.ActiveCfg = Release|Any CPU
		{597BC926-1CF3-4EC0-85C5-C55CC11D4BC8}.Release|Any CPU.Build.0 = Release|Any CPU
		{597BC926-1CF3-4EC0-85C5-C55CC11D4BC8}.Release|iPhone.ActiveCfg = Release|Any CPU
		{597BC926-1CF3-4EC0-85C5-C55CC11D4BC8}.Release|iPhone.Build.0 = Release|Any CPU
		{597BC926-1CF3-4EC0-85C5-C55CC11D4BC8}.Release|iPhoneSimulator.ActiveCfg = Release|Any CPU
		{597BC926-1CF3-4EC0-85C5-C55CC11D4BC8}.Release|iPhoneSimulator.Build.0 = Release|Any CPU
		{597BC926-1CF3-4EC0-85C5-C55CC11D4BC8}.Release|x86.ActiveCfg = Release|Any CPU
		{597BC926-1CF3-4EC0-85C5-C55CC11D4BC8}.Release|x86.Build.0 = Release|Any CPU
		{8652B30E-2AB4-4D41-8795-31B68DB84B74}.Debug|Any CPU.ActiveCfg = Debug|Any CPU
		{8652B30E-2AB4-4D41-8795-31B68DB84B74}.Debug|iPhone.ActiveCfg = Debug|Any CPU
		{8652B30E-2AB4-4D41-8795-31B68DB84B74}.Debug|iPhone.Build.0 = Debug|Any CPU
		{8652B30E-2AB4-4D41-8795-31B68DB84B74}.Debug|iPhoneSimulator.ActiveCfg = Debug|Any CPU
		{8652B30E-2AB4-4D41-8795-31B68DB84B74}.Debug|iPhoneSimulator.Build.0 = Debug|Any CPU
		{8652B30E-2AB4-4D41-8795-31B68DB84B74}.Debug|x86.ActiveCfg = Debug|Any CPU
		{8652B30E-2AB4-4D41-8795-31B68DB84B74}.Debug|x86.Build.0 = Debug|Any CPU
		{8652B30E-2AB4-4D41-8795-31B68DB84B74}.Mono - Debug|Any CPU.ActiveCfg = Debug|Any CPU
		{8652B30E-2AB4-4D41-8795-31B68DB84B74}.Mono - Debug|Any CPU.Build.0 = Debug|Any CPU
		{8652B30E-2AB4-4D41-8795-31B68DB84B74}.Mono - Debug|iPhone.ActiveCfg = Debug|Any CPU
		{8652B30E-2AB4-4D41-8795-31B68DB84B74}.Mono - Debug|iPhone.Build.0 = Debug|Any CPU
		{8652B30E-2AB4-4D41-8795-31B68DB84B74}.Mono - Debug|iPhoneSimulator.ActiveCfg = Debug|Any CPU
		{8652B30E-2AB4-4D41-8795-31B68DB84B74}.Mono - Debug|iPhoneSimulator.Build.0 = Debug|Any CPU
		{8652B30E-2AB4-4D41-8795-31B68DB84B74}.Mono - Debug|x86.ActiveCfg = Debug|Any CPU
		{8652B30E-2AB4-4D41-8795-31B68DB84B74}.Mono - Debug|x86.Build.0 = Debug|Any CPU
		{8652B30E-2AB4-4D41-8795-31B68DB84B74}.Release|Any CPU.ActiveCfg = Release|Any CPU
		{8652B30E-2AB4-4D41-8795-31B68DB84B74}.Release|Any CPU.Build.0 = Release|Any CPU
		{8652B30E-2AB4-4D41-8795-31B68DB84B74}.Release|iPhone.ActiveCfg = Release|Any CPU
		{8652B30E-2AB4-4D41-8795-31B68DB84B74}.Release|iPhone.Build.0 = Release|Any CPU
		{8652B30E-2AB4-4D41-8795-31B68DB84B74}.Release|iPhoneSimulator.ActiveCfg = Release|Any CPU
		{8652B30E-2AB4-4D41-8795-31B68DB84B74}.Release|iPhoneSimulator.Build.0 = Release|Any CPU
		{8652B30E-2AB4-4D41-8795-31B68DB84B74}.Release|x86.ActiveCfg = Release|Any CPU
		{8652B30E-2AB4-4D41-8795-31B68DB84B74}.Release|x86.Build.0 = Release|Any CPU
		{B102F27C-1A07-487F-BA5B-D5155D201112}.Debug|Any CPU.ActiveCfg = Debug|Any CPU
		{B102F27C-1A07-487F-BA5B-D5155D201112}.Debug|iPhone.ActiveCfg = Debug|Any CPU
		{B102F27C-1A07-487F-BA5B-D5155D201112}.Debug|iPhoneSimulator.ActiveCfg = Debug|Any CPU
		{B102F27C-1A07-487F-BA5B-D5155D201112}.Debug|x86.ActiveCfg = Debug|Any CPU
		{B102F27C-1A07-487F-BA5B-D5155D201112}.Mono - Debug|Any CPU.ActiveCfg = Debug|Any CPU
		{B102F27C-1A07-487F-BA5B-D5155D201112}.Mono - Debug|Any CPU.Build.0 = Debug|Any CPU
		{B102F27C-1A07-487F-BA5B-D5155D201112}.Mono - Debug|iPhone.ActiveCfg = Debug|Any CPU
		{B102F27C-1A07-487F-BA5B-D5155D201112}.Mono - Debug|iPhoneSimulator.ActiveCfg = Debug|Any CPU
		{B102F27C-1A07-487F-BA5B-D5155D201112}.Mono - Debug|x86.ActiveCfg = Debug|Any CPU
		{B102F27C-1A07-487F-BA5B-D5155D201112}.Release|Any CPU.ActiveCfg = Release|Any CPU
		{B102F27C-1A07-487F-BA5B-D5155D201112}.Release|iPhone.ActiveCfg = Release|Any CPU
		{B102F27C-1A07-487F-BA5B-D5155D201112}.Release|iPhone.Build.0 = Release|Any CPU
		{B102F27C-1A07-487F-BA5B-D5155D201112}.Release|iPhoneSimulator.ActiveCfg = Release|Any CPU
		{B102F27C-1A07-487F-BA5B-D5155D201112}.Release|iPhoneSimulator.Build.0 = Release|Any CPU
		{B102F27C-1A07-487F-BA5B-D5155D201112}.Release|x86.ActiveCfg = Release|Any CPU
		{B102F27C-1A07-487F-BA5B-D5155D201112}.Release|x86.Build.0 = Release|Any CPU
		{C69A5715-2180-4C49-8AD0-150697A81790}.Debug|Any CPU.ActiveCfg = Debug|Any CPU
		{C69A5715-2180-4C49-8AD0-150697A81790}.Debug|Any CPU.Build.0 = Debug|Any CPU
		{C69A5715-2180-4C49-8AD0-150697A81790}.Debug|iPhone.ActiveCfg = Debug|Any CPU
		{C69A5715-2180-4C49-8AD0-150697A81790}.Debug|iPhone.Build.0 = Debug|Any CPU
		{C69A5715-2180-4C49-8AD0-150697A81790}.Debug|iPhoneSimulator.ActiveCfg = Debug|Any CPU
		{C69A5715-2180-4C49-8AD0-150697A81790}.Debug|iPhoneSimulator.Build.0 = Debug|Any CPU
		{C69A5715-2180-4C49-8AD0-150697A81790}.Debug|x86.ActiveCfg = Debug|Any CPU
		{C69A5715-2180-4C49-8AD0-150697A81790}.Debug|x86.Build.0 = Debug|Any CPU
		{C69A5715-2180-4C49-8AD0-150697A81790}.Mono - Debug|Any CPU.ActiveCfg = Mono - Debug|Any CPU
		{C69A5715-2180-4C49-8AD0-150697A81790}.Mono - Debug|Any CPU.Build.0 = Mono - Debug|Any CPU
		{C69A5715-2180-4C49-8AD0-150697A81790}.Mono - Debug|iPhone.ActiveCfg = Mono - Debug|Any CPU
		{C69A5715-2180-4C49-8AD0-150697A81790}.Mono - Debug|iPhone.Build.0 = Mono - Debug|Any CPU
		{C69A5715-2180-4C49-8AD0-150697A81790}.Mono - Debug|iPhoneSimulator.ActiveCfg = Mono - Debug|Any CPU
		{C69A5715-2180-4C49-8AD0-150697A81790}.Mono - Debug|iPhoneSimulator.Build.0 = Mono - Debug|Any CPU
		{C69A5715-2180-4C49-8AD0-150697A81790}.Mono - Debug|x86.ActiveCfg = Mono - Debug|Any CPU
		{C69A5715-2180-4C49-8AD0-150697A81790}.Mono - Debug|x86.Build.0 = Mono - Debug|Any CPU
		{C69A5715-2180-4C49-8AD0-150697A81790}.Release|Any CPU.ActiveCfg = Release|Any CPU
		{C69A5715-2180-4C49-8AD0-150697A81790}.Release|Any CPU.Build.0 = Release|Any CPU
		{C69A5715-2180-4C49-8AD0-150697A81790}.Release|iPhone.ActiveCfg = Release|Any CPU
		{C69A5715-2180-4C49-8AD0-150697A81790}.Release|iPhone.Build.0 = Release|Any CPU
		{C69A5715-2180-4C49-8AD0-150697A81790}.Release|iPhoneSimulator.ActiveCfg = Release|Any CPU
		{C69A5715-2180-4C49-8AD0-150697A81790}.Release|iPhoneSimulator.Build.0 = Release|Any CPU
		{C69A5715-2180-4C49-8AD0-150697A81790}.Release|x86.ActiveCfg = Release|Any CPU
		{C69A5715-2180-4C49-8AD0-150697A81790}.Release|x86.Build.0 = Release|Any CPU
		{CB1CB976-AA54-4553-B0E7-05665B199EC4}.Debug|Any CPU.ActiveCfg = Debug|Any CPU
		{CB1CB976-AA54-4553-B0E7-05665B199EC4}.Debug|iPhone.ActiveCfg = Debug|Any CPU
		{CB1CB976-AA54-4553-B0E7-05665B199EC4}.Debug|iPhoneSimulator.ActiveCfg = Debug|Any CPU
		{CB1CB976-AA54-4553-B0E7-05665B199EC4}.Debug|x86.ActiveCfg = Debug|Any CPU
		{CB1CB976-AA54-4553-B0E7-05665B199EC4}.Mono - Debug|Any CPU.ActiveCfg = Debug|Any CPU
		{CB1CB976-AA54-4553-B0E7-05665B199EC4}.Mono - Debug|iPhone.ActiveCfg = Mono - Debug|Any CPU
		{CB1CB976-AA54-4553-B0E7-05665B199EC4}.Mono - Debug|iPhoneSimulator.ActiveCfg = Mono - Debug|Any CPU
		{CB1CB976-AA54-4553-B0E7-05665B199EC4}.Mono - Debug|x86.ActiveCfg = Mono - Debug|Any CPU
		{CB1CB976-AA54-4553-B0E7-05665B199EC4}.Release|Any CPU.ActiveCfg = Release|Any CPU
		{CB1CB976-AA54-4553-B0E7-05665B199EC4}.Release|iPhone.ActiveCfg = Release|Any CPU
		{CB1CB976-AA54-4553-B0E7-05665B199EC4}.Release|iPhone.Build.0 = Release|Any CPU
		{CB1CB976-AA54-4553-B0E7-05665B199EC4}.Release|iPhoneSimulator.ActiveCfg = Release|Any CPU
		{CB1CB976-AA54-4553-B0E7-05665B199EC4}.Release|iPhoneSimulator.Build.0 = Release|Any CPU
		{CB1CB976-AA54-4553-B0E7-05665B199EC4}.Release|x86.ActiveCfg = Release|Any CPU
		{CB1CB976-AA54-4553-B0E7-05665B199EC4}.Release|x86.Build.0 = Release|Any CPU
		{DBFDDBD7-E236-444C-98E5-736A4F22C8A5}.Debug|Any CPU.ActiveCfg = Debug|Any CPU
		{DBFDDBD7-E236-444C-98E5-736A4F22C8A5}.Debug|Any CPU.Build.0 = Debug|Any CPU
		{DBFDDBD7-E236-444C-98E5-736A4F22C8A5}.Debug|iPhone.ActiveCfg = Debug|Any CPU
		{DBFDDBD7-E236-444C-98E5-736A4F22C8A5}.Debug|iPhoneSimulator.ActiveCfg = Debug|Any CPU
		{DBFDDBD7-E236-444C-98E5-736A4F22C8A5}.Debug|x86.ActiveCfg = Debug|Any CPU
		{DBFDDBD7-E236-444C-98E5-736A4F22C8A5}.Mono - Debug|Any CPU.ActiveCfg = Mono - Debug|Any CPU
		{DBFDDBD7-E236-444C-98E5-736A4F22C8A5}.Mono - Debug|Any CPU.Build.0 = Mono - Debug|Any CPU
		{DBFDDBD7-E236-444C-98E5-736A4F22C8A5}.Mono - Debug|iPhone.ActiveCfg = Mono - Debug|Any CPU
		{DBFDDBD7-E236-444C-98E5-736A4F22C8A5}.Mono - Debug|iPhoneSimulator.ActiveCfg = Mono - Debug|Any CPU
		{DBFDDBD7-E236-444C-98E5-736A4F22C8A5}.Mono - Debug|x86.ActiveCfg = Mono - Debug|Any CPU
		{DBFDDBD7-E236-444C-98E5-736A4F22C8A5}.Release|Any CPU.ActiveCfg = Release|Any CPU
		{DBFDDBD7-E236-444C-98E5-736A4F22C8A5}.Release|Any CPU.Build.0 = Release|Any CPU
		{DBFDDBD7-E236-444C-98E5-736A4F22C8A5}.Release|iPhone.ActiveCfg = Release|Any CPU
		{DBFDDBD7-E236-444C-98E5-736A4F22C8A5}.Release|iPhoneSimulator.ActiveCfg = Release|Any CPU
		{DBFDDBD7-E236-444C-98E5-736A4F22C8A5}.Release|x86.ActiveCfg = Release|Any CPU
		{B4C57B5E-4BA4-4133-8558-A81B2D2DD084}.Debug|Any CPU.ActiveCfg = Debug|Any CPU
		{B4C57B5E-4BA4-4133-8558-A81B2D2DD084}.Debug|Any CPU.Build.0 = Debug|Any CPU
		{B4C57B5E-4BA4-4133-8558-A81B2D2DD084}.Debug|iPhone.ActiveCfg = Debug|Any CPU
		{B4C57B5E-4BA4-4133-8558-A81B2D2DD084}.Debug|iPhone.Build.0 = Debug|Any CPU
		{B4C57B5E-4BA4-4133-8558-A81B2D2DD084}.Debug|iPhoneSimulator.ActiveCfg = Debug|Any CPU
		{B4C57B5E-4BA4-4133-8558-A81B2D2DD084}.Debug|iPhoneSimulator.Build.0 = Debug|Any CPU
		{B4C57B5E-4BA4-4133-8558-A81B2D2DD084}.Debug|x86.ActiveCfg = Debug|Any CPU
		{B4C57B5E-4BA4-4133-8558-A81B2D2DD084}.Debug|x86.Build.0 = Debug|Any CPU
		{B4C57B5E-4BA4-4133-8558-A81B2D2DD084}.Mono - Debug|Any CPU.ActiveCfg = Debug|Any CPU
		{B4C57B5E-4BA4-4133-8558-A81B2D2DD084}.Mono - Debug|Any CPU.Build.0 = Debug|Any CPU
		{B4C57B5E-4BA4-4133-8558-A81B2D2DD084}.Mono - Debug|iPhone.ActiveCfg = Debug|Any CPU
		{B4C57B5E-4BA4-4133-8558-A81B2D2DD084}.Mono - Debug|iPhone.Build.0 = Debug|Any CPU
		{B4C57B5E-4BA4-4133-8558-A81B2D2DD084}.Mono - Debug|iPhoneSimulator.ActiveCfg = Debug|Any CPU
		{B4C57B5E-4BA4-4133-8558-A81B2D2DD084}.Mono - Debug|iPhoneSimulator.Build.0 = Debug|Any CPU
		{B4C57B5E-4BA4-4133-8558-A81B2D2DD084}.Mono - Debug|x86.ActiveCfg = Debug|Any CPU
		{B4C57B5E-4BA4-4133-8558-A81B2D2DD084}.Mono - Debug|x86.Build.0 = Debug|Any CPU
		{B4C57B5E-4BA4-4133-8558-A81B2D2DD084}.Release|Any CPU.ActiveCfg = Release|Any CPU
		{B4C57B5E-4BA4-4133-8558-A81B2D2DD084}.Release|Any CPU.Build.0 = Release|Any CPU
		{B4C57B5E-4BA4-4133-8558-A81B2D2DD084}.Release|iPhone.ActiveCfg = Release|Any CPU
		{B4C57B5E-4BA4-4133-8558-A81B2D2DD084}.Release|iPhone.Build.0 = Release|Any CPU
		{B4C57B5E-4BA4-4133-8558-A81B2D2DD084}.Release|iPhoneSimulator.ActiveCfg = Release|Any CPU
		{B4C57B5E-4BA4-4133-8558-A81B2D2DD084}.Release|iPhoneSimulator.Build.0 = Release|Any CPU
		{B4C57B5E-4BA4-4133-8558-A81B2D2DD084}.Release|x86.ActiveCfg = Release|Any CPU
		{B4C57B5E-4BA4-4133-8558-A81B2D2DD084}.Release|x86.Build.0 = Release|Any CPU
		{C675FE3F-497D-4CE7-B441-3C0299B30C10}.Debug|Any CPU.ActiveCfg = Debug|Any CPU
		{C675FE3F-497D-4CE7-B441-3C0299B30C10}.Debug|Any CPU.Build.0 = Debug|Any CPU
		{C675FE3F-497D-4CE7-B441-3C0299B30C10}.Debug|iPhone.ActiveCfg = Debug|Any CPU
		{C675FE3F-497D-4CE7-B441-3C0299B30C10}.Debug|iPhone.Build.0 = Debug|Any CPU
		{C675FE3F-497D-4CE7-B441-3C0299B30C10}.Debug|iPhoneSimulator.ActiveCfg = Debug|Any CPU
		{C675FE3F-497D-4CE7-B441-3C0299B30C10}.Debug|iPhoneSimulator.Build.0 = Debug|Any CPU
		{C675FE3F-497D-4CE7-B441-3C0299B30C10}.Debug|x86.ActiveCfg = Debug|Any CPU
		{C675FE3F-497D-4CE7-B441-3C0299B30C10}.Debug|x86.Build.0 = Debug|Any CPU
		{C675FE3F-497D-4CE7-B441-3C0299B30C10}.Mono - Debug|Any CPU.ActiveCfg = Debug|Any CPU
		{C675FE3F-497D-4CE7-B441-3C0299B30C10}.Mono - Debug|Any CPU.Build.0 = Debug|Any CPU
		{C675FE3F-497D-4CE7-B441-3C0299B30C10}.Mono - Debug|iPhone.ActiveCfg = Debug|Any CPU
		{C675FE3F-497D-4CE7-B441-3C0299B30C10}.Mono - Debug|iPhone.Build.0 = Debug|Any CPU
		{C675FE3F-497D-4CE7-B441-3C0299B30C10}.Mono - Debug|iPhoneSimulator.ActiveCfg = Debug|Any CPU
		{C675FE3F-497D-4CE7-B441-3C0299B30C10}.Mono - Debug|iPhoneSimulator.Build.0 = Debug|Any CPU
		{C675FE3F-497D-4CE7-B441-3C0299B30C10}.Mono - Debug|x86.ActiveCfg = Debug|Any CPU
		{C675FE3F-497D-4CE7-B441-3C0299B30C10}.Mono - Debug|x86.Build.0 = Debug|Any CPU
		{C675FE3F-497D-4CE7-B441-3C0299B30C10}.Release|Any CPU.ActiveCfg = Release|Any CPU
		{C675FE3F-497D-4CE7-B441-3C0299B30C10}.Release|Any CPU.Build.0 = Release|Any CPU
		{C675FE3F-497D-4CE7-B441-3C0299B30C10}.Release|iPhone.ActiveCfg = Release|Any CPU
		{C675FE3F-497D-4CE7-B441-3C0299B30C10}.Release|iPhone.Build.0 = Release|Any CPU
		{C675FE3F-497D-4CE7-B441-3C0299B30C10}.Release|iPhoneSimulator.ActiveCfg = Release|Any CPU
		{C675FE3F-497D-4CE7-B441-3C0299B30C10}.Release|iPhoneSimulator.Build.0 = Release|Any CPU
		{C675FE3F-497D-4CE7-B441-3C0299B30C10}.Release|x86.ActiveCfg = Release|Any CPU
		{C675FE3F-497D-4CE7-B441-3C0299B30C10}.Release|x86.Build.0 = Release|Any CPU
	EndGlobalSection
	GlobalSection(SolutionProperties) = preSolution
		HideSolutionNode = FALSE
	EndGlobalSection
EndGlobal
